
Microsoft Visual Studio Solution File, Format Version 12.00
# Visual Studio Version 17
VisualStudioVersion = 17.10.35004.147
MinimumVisualStudioVersion = 10.0.40219.1
Project("{9A19103F-16F7-4668-BE54-9A1E7A4F7556}") = "ShiftSchedulerAPI", "ShiftSchedulerAPI\ShiftSchedulerAPI.csproj", "{55612CD7-D3AB-4CBE-9589-BE974449559E}"
EndProject
Project("{FAE04EC0-301F-11D3-BF4B-00C04F79EFBC}") = "ShiftSchedulerMobile", "ShiftSchedulerMobile\ShiftSchedulerMobile.csproj", "{72C8765E-52BE-4CC5-B7F5-445D609B8819}"
EndProject
Global
	GlobalSection(SolutionConfigurationPlatforms) = preSolution
		Debug|Any CPU = Debug|Any CPU
		Release|Any CPU = Release|Any CPU
	EndGlobalSection
	GlobalSection(ProjectConfigurationPlatforms) = postSolution
		{55612CD7-D3AB-4CBE-9589-BE974449559E}.Debug|Any CPU.ActiveCfg = Debug|Any CPU
		{55612CD7-D3AB-4CBE-9589-BE974449559E}.Debug|Any CPU.Build.0 = Debug|Any CPU
		{55612CD7-D3AB-4CBE-9589-BE974449559E}.Release|Any CPU.ActiveCfg = Release|Any CPU
		{55612CD7-D3AB-4CBE-9589-BE974449559E}.Release|Any CPU.Build.0 = Release|Any CPU
		{72C8765E-52BE-4CC5-B7F5-445D609B8819}.Debug|Any CPU.ActiveCfg = Debug|Any CPU
		{72C8765E-52BE-4CC5-B7F5-445D609B8819}.Debug|Any CPU.Build.0 = Debug|Any CPU
		{72C8765E-52BE-4CC5-B7F5-445D609B8819}.Debug|Any CPU.Deploy.0 = Debug|Any CPU
		{72C8765E-52BE-4CC5-B7F5-445D609B8819}.Release|Any CPU.ActiveCfg = Release|Any CPU
		{72C8765E-52BE-4CC5-B7F5-445D609B8819}.Release|Any CPU.Build.0 = Release|Any CPU
		{72C8765E-52BE-4CC5-B7F5-445D609B8819}.Release|Any CPU.Deploy.0 = Release|Any CPU
	EndGlobalSection
	GlobalSection(SolutionProperties) = preSolution
		HideSolutionNode = FALSE
	EndGlobalSection
	GlobalSection(ExtensibilityGlobals) = postSolution
		SolutionGuid = {7FF9EA5F-EE77-43E0-A3BB-FC2B013FB332}
	EndGlobalSection
EndGlobal
